// !$*UTF8*$!
{
	archiveVersion = 1;
	classes = {
	};
	objectVersion = 51;
	objects = {

/* Begin PBXBuildFile section */
		07BA7228334D42FB88ECDF8F /* RxCocoa.framework in Frameworks */ = {isa = PBXBuildFile; fileRef = 1F20D224C495CF4867DE949A /* RxCocoa.framework */; };
		3D64F1CF4EBA18B8D51E8327 /* RxSwift.framework in Frameworks */ = {isa = PBXBuildFile; fileRef = E7959E387B71D5F104D73C7D /* RxSwift.framework */; };
		431FBD3D09258758EE0E890E /* Main.storyboard in Resources */ = {isa = PBXBuildFile; fileRef = F1D5FD425C47B32B9C786E00 /* Main.storyboard */; };
		559FB7526428EB3CF8889E77 /* SceneDelegate.swift in Sources */ = {isa = PBXBuildFile; fileRef = FBD0216772D7592FE2F39778 /* SceneDelegate.swift */; };
		68756C6A0176792FCCACC9FB /* AppDelegate.swift in Sources */ = {isa = PBXBuildFile; fileRef = 63516202854686B376E71BBD /* AppDelegate.swift */; };
		76F58190D78DA1786DFDEDFD /* Pods_QiitaCheckerTests.framework in Frameworks */ = {isa = PBXBuildFile; fileRef = AFEF01D30411A4902F1B9486 /* Pods_QiitaCheckerTests.framework */; };
		A660F75DE22327EABF641A08 /* LaunchScreen.storyboard in Resources */ = {isa = PBXBuildFile; fileRef = E18B8F0D1E1FB5E04CEB7598 /* LaunchScreen.storyboard */; };
		ADBFBD44A4D921A096C38918 /* ViewController.swift in Sources */ = {isa = PBXBuildFile; fileRef = 7940EBC0D0B24F054582A32E /* ViewController.swift */; };
		B470D69E7BE42571B5A81B59 /* Assets.xcassets in Resources */ = {isa = PBXBuildFile; fileRef = 17A244DB39E691A5426CD09F /* Assets.xcassets */; };
		E53B1A7CB09424A67A2673C9 /* Pods_QiitaChecker.framework in Frameworks */ = {isa = PBXBuildFile; fileRef = 75DF8F0D11405A6BBDF57395 /* Pods_QiitaChecker.framework */; };
		E7DB0E293A133E6563C6AB71 /* Pods_QiitaChecker_QiitaCheckerUITests.framework in Frameworks */ = {isa = PBXBuildFile; fileRef = D19001A63331F5FD569E39C5 /* Pods_QiitaChecker_QiitaCheckerUITests.framework */; };
		F5B3EA6FC0F8A83DC9CBAC46 /* RxRelay.framework in Frameworks */ = {isa = PBXBuildFile; fileRef = 716A869B46A63677873A812B /* RxRelay.framework */; };
		FC72F3C3953854637D1C136F /* Alamofire.framework in Frameworks */ = {isa = PBXBuildFile; fileRef = 86824AA9B901163818F3106B /* Alamofire.framework */; };
/* End PBXBuildFile section */

/* Begin PBXFileReference section */
		0C5FECC8A0E3B13AC05ECFAA /* Pods-QiitaChecker-QiitaCheckerUITests.debug.xcconfig */ = {isa = PBXFileReference; includeInIndex = 1; lastKnownFileType = text.xcconfig; name = "Pods-QiitaChecker-QiitaCheckerUITests.debug.xcconfig"; path = "Target Support Files/Pods-QiitaChecker-QiitaCheckerUITests/Pods-QiitaChecker-QiitaCheckerUITests.debug.xcconfig"; sourceTree = "<group>"; };
		17A244DB39E691A5426CD09F /* Assets.xcassets */ = {isa = PBXFileReference; lastKnownFileType = folder.assetcatalog; path = Assets.xcassets; sourceTree = "<group>"; };
		1F20D224C495CF4867DE949A /* RxCocoa.framework */ = {isa = PBXFileReference; lastKnownFileType = wrapper.framework; path = RxCocoa.framework; sourceTree = "<group>"; };
		4839D7B594FBD6595FBCA3C1 /* Info.plist */ = {isa = PBXFileReference; lastKnownFileType = text.plist.xml; path = Info.plist; sourceTree = "<group>"; };
		57BF2776BB53C69E03644131 /* QiitaChecker.app */ = {isa = PBXFileReference; includeInIndex = 0; lastKnownFileType = wrapper.application; path = QiitaChecker.app; sourceTree = BUILT_PRODUCTS_DIR; };
		63516202854686B376E71BBD /* AppDelegate.swift */ = {isa = PBXFileReference; lastKnownFileType = sourcecode.swift; path = AppDelegate.swift; sourceTree = "<group>"; };
		6F0C132953121A6D6C94078C /* Pods-QiitaCheckerTests.debug.xcconfig */ = {isa = PBXFileReference; includeInIndex = 1; lastKnownFileType = text.xcconfig; name = "Pods-QiitaCheckerTests.debug.xcconfig"; path = "Target Support Files/Pods-QiitaCheckerTests/Pods-QiitaCheckerTests.debug.xcconfig"; sourceTree = "<group>"; };
		716A869B46A63677873A812B /* RxRelay.framework */ = {isa = PBXFileReference; lastKnownFileType = wrapper.framework; path = RxRelay.framework; sourceTree = "<group>"; };
		75DF8F0D11405A6BBDF57395 /* Pods_QiitaChecker.framework */ = {isa = PBXFileReference; explicitFileType = wrapper.framework; includeInIndex = 0; path = Pods_QiitaChecker.framework; sourceTree = BUILT_PRODUCTS_DIR; };
		7940EBC0D0B24F054582A32E /* ViewController.swift */ = {isa = PBXFileReference; lastKnownFileType = sourcecode.swift; path = ViewController.swift; sourceTree = "<group>"; };
		86824AA9B901163818F3106B /* Alamofire.framework */ = {isa = PBXFileReference; lastKnownFileType = wrapper.framework; path = Alamofire.framework; sourceTree = "<group>"; };
		96C8C5D00F0039BF7B6772A2 /* Pods-QiitaChecker-QiitaCheckerUITests.release.xcconfig */ = {isa = PBXFileReference; includeInIndex = 1; lastKnownFileType = text.xcconfig; name = "Pods-QiitaChecker-QiitaCheckerUITests.release.xcconfig"; path = "Target Support Files/Pods-QiitaChecker-QiitaCheckerUITests/Pods-QiitaChecker-QiitaCheckerUITests.release.xcconfig"; sourceTree = "<group>"; };
		9D897192CA30D5E344E4773B /* Pods-QiitaChecker.debug.xcconfig */ = {isa = PBXFileReference; includeInIndex = 1; lastKnownFileType = text.xcconfig; name = "Pods-QiitaChecker.debug.xcconfig"; path = "Target Support Files/Pods-QiitaChecker/Pods-QiitaChecker.debug.xcconfig"; sourceTree = "<group>"; };
		A165DB404CB2074142CB99A9 /* QiitaCheckerUITests.xctest */ = {isa = PBXFileReference; includeInIndex = 0; lastKnownFileType = wrapper.cfbundle; path = QiitaCheckerUITests.xctest; sourceTree = BUILT_PRODUCTS_DIR; };
		AFEF01D30411A4902F1B9486 /* Pods_QiitaCheckerTests.framework */ = {isa = PBXFileReference; explicitFileType = wrapper.framework; includeInIndex = 0; path = Pods_QiitaCheckerTests.framework; sourceTree = BUILT_PRODUCTS_DIR; };
		B420D3927773AC66385326C7 /* QiitaCheckerTests.xctest */ = {isa = PBXFileReference; includeInIndex = 0; lastKnownFileType = wrapper.cfbundle; path = QiitaCheckerTests.xctest; sourceTree = BUILT_PRODUCTS_DIR; };
		CD8A2BE55643E4DC28357E33 /* Base */ = {isa = PBXFileReference; lastKnownFileType = file.storyboard; name = Base; path = Base.lproj/LaunchScreen.storyboard; sourceTree = "<group>"; };
		D1266665341EEA24ABDC8D5E /* Pods-QiitaCheckerTests.release.xcconfig */ = {isa = PBXFileReference; includeInIndex = 1; lastKnownFileType = text.xcconfig; name = "Pods-QiitaCheckerTests.release.xcconfig"; path = "Target Support Files/Pods-QiitaCheckerTests/Pods-QiitaCheckerTests.release.xcconfig"; sourceTree = "<group>"; };
		D19001A63331F5FD569E39C5 /* Pods_QiitaChecker_QiitaCheckerUITests.framework */ = {isa = PBXFileReference; explicitFileType = wrapper.framework; includeInIndex = 0; path = Pods_QiitaChecker_QiitaCheckerUITests.framework; sourceTree = BUILT_PRODUCTS_DIR; };
		D3845DB38D2817D8F606C62F /* Pods-QiitaChecker.release.xcconfig */ = {isa = PBXFileReference; includeInIndex = 1; lastKnownFileType = text.xcconfig; name = "Pods-QiitaChecker.release.xcconfig"; path = "Target Support Files/Pods-QiitaChecker/Pods-QiitaChecker.release.xcconfig"; sourceTree = "<group>"; };
		E7959E387B71D5F104D73C7D /* RxSwift.framework */ = {isa = PBXFileReference; lastKnownFileType = wrapper.framework; path = RxSwift.framework; sourceTree = "<group>"; };
		F118EBFFF05665FFC463162D /* Base */ = {isa = PBXFileReference; lastKnownFileType = file.storyboard; name = Base; path = Base.lproj/Main.storyboard; sourceTree = "<group>"; };
		FBD0216772D7592FE2F39778 /* SceneDelegate.swift */ = {isa = PBXFileReference; lastKnownFileType = sourcecode.swift; path = SceneDelegate.swift; sourceTree = "<group>"; };
/* End PBXFileReference section */

/* Begin PBXFrameworksBuildPhase section */
		22B13EC4EBA35CF7C7141C40 /* Frameworks */ = {
			isa = PBXFrameworksBuildPhase;
			buildActionMask = 2147483647;
			files = (
				76F58190D78DA1786DFDEDFD /* Pods_QiitaCheckerTests.framework in Frameworks */,
			);
			runOnlyForDeploymentPostprocessing = 0;
		};
		62A318E294352E537D423E6F /* Frameworks */ = {
			isa = PBXFrameworksBuildPhase;
			buildActionMask = 2147483647;
			files = (
				3D64F1CF4EBA18B8D51E8327 /* RxSwift.framework in Frameworks */,
				07BA7228334D42FB88ECDF8F /* RxCocoa.framework in Frameworks */,
				F5B3EA6FC0F8A83DC9CBAC46 /* RxRelay.framework in Frameworks */,
				FC72F3C3953854637D1C136F /* Alamofire.framework in Frameworks */,
				E53B1A7CB09424A67A2673C9 /* Pods_QiitaChecker.framework in Frameworks */,
			);
			runOnlyForDeploymentPostprocessing = 0;
		};
		CB9E37020E5581EE81D8FCD7 /* Frameworks */ = {
			isa = PBXFrameworksBuildPhase;
			buildActionMask = 2147483647;
			files = (
				E7DB0E293A133E6563C6AB71 /* Pods_QiitaChecker_QiitaCheckerUITests.framework in Frameworks */,
			);
			runOnlyForDeploymentPostprocessing = 0;
		};
/* End PBXFrameworksBuildPhase section */

/* Begin PBXGroup section */
		10D7187D521A27B76209D94D /* QiitaChecker */ = {
			isa = PBXGroup;
			children = (
				63516202854686B376E71BBD /* AppDelegate.swift */,
				17A244DB39E691A5426CD09F /* Assets.xcassets */,
				4839D7B594FBD6595FBCA3C1 /* Info.plist */,
				E18B8F0D1E1FB5E04CEB7598 /* LaunchScreen.storyboard */,
				F1D5FD425C47B32B9C786E00 /* Main.storyboard */,
				FBD0216772D7592FE2F39778 /* SceneDelegate.swift */,
				7940EBC0D0B24F054582A32E /* ViewController.swift */,
			);
			path = QiitaChecker;
			sourceTree = "<group>";
		};
		15018EDB16FE36A5B020E332 /* iOS */ = {
			isa = PBXGroup;
			children = (
				86824AA9B901163818F3106B /* Alamofire.framework */,
				1F20D224C495CF4867DE949A /* RxCocoa.framework */,
				716A869B46A63677873A812B /* RxRelay.framework */,
				E7959E387B71D5F104D73C7D /* RxSwift.framework */,
			);
			path = iOS;
			sourceTree = "<group>";
		};
		47F70E87DADF245968280542 /* Products */ = {
			isa = PBXGroup;
			children = (
				57BF2776BB53C69E03644131 /* QiitaChecker.app */,
				B420D3927773AC66385326C7 /* QiitaCheckerTests.xctest */,
				A165DB404CB2074142CB99A9 /* QiitaCheckerUITests.xctest */,
			);
			name = Products;
			sourceTree = "<group>";
		};
		50D025BA0CEA0470C4F69080 = {
			isa = PBXGroup;
			children = (
				10D7187D521A27B76209D94D /* QiitaChecker */,
				7C9CA769D3D4F12AF58A7F3B /* Frameworks */,
				47F70E87DADF245968280542 /* Products */,
				7CCC10BE9901EAAB615D39A8 /* Pods */,
			);
			sourceTree = "<group>";
		};
		6F746A4EFED95A027010CF86 /* Carthage */ = {
			isa = PBXGroup;
			children = (
				15018EDB16FE36A5B020E332 /* iOS */,
			);
			name = Carthage;
			path = Carthage/Build;
			sourceTree = "<group>";
		};
		7C9CA769D3D4F12AF58A7F3B /* Frameworks */ = {
			isa = PBXGroup;
			children = (
				6F746A4EFED95A027010CF86 /* Carthage */,
				75DF8F0D11405A6BBDF57395 /* Pods_QiitaChecker.framework */,
				D19001A63331F5FD569E39C5 /* Pods_QiitaChecker_QiitaCheckerUITests.framework */,
				AFEF01D30411A4902F1B9486 /* Pods_QiitaCheckerTests.framework */,
			);
			name = Frameworks;
			sourceTree = "<group>";
		};
		7CCC10BE9901EAAB615D39A8 /* Pods */ = {
			isa = PBXGroup;
			children = (
				9D897192CA30D5E344E4773B /* Pods-QiitaChecker.debug.xcconfig */,
				D3845DB38D2817D8F606C62F /* Pods-QiitaChecker.release.xcconfig */,
				0C5FECC8A0E3B13AC05ECFAA /* Pods-QiitaChecker-QiitaCheckerUITests.debug.xcconfig */,
				96C8C5D00F0039BF7B6772A2 /* Pods-QiitaChecker-QiitaCheckerUITests.release.xcconfig */,
				6F0C132953121A6D6C94078C /* Pods-QiitaCheckerTests.debug.xcconfig */,
				D1266665341EEA24ABDC8D5E /* Pods-QiitaCheckerTests.release.xcconfig */,
			);
			name = Pods;
			path = Pods;
			sourceTree = "<group>";
		};
/* End PBXGroup section */

/* Begin PBXNativeTarget section */
		3CB11BA30BBBAEBEBED1FC23 /* QiitaChecker */ = {
			isa = PBXNativeTarget;
			buildConfigurationList = 820B33C1C0950E28F7F7DD4F /* Build configuration list for PBXNativeTarget "QiitaChecker" */;
			buildPhases = (
				1A3152D2BD37D0EBF9BBE310 /* [CP] Check Pods Manifest.lock */,
				8C4EF61E8C3BA6C4847B3093 /* Sources */,
				CAE655CA418C1E216FFE8A3A /* Resources */,
				C0F23C117B4D52FA967A5B3D /* Carthage */,
				62A318E294352E537D423E6F /* Frameworks */,
				F6E6163BB373FBC70C53528F /* Swiftlint Run Script */,
			);
			buildRules = (
			);
			dependencies = (
			);
			name = QiitaChecker;
			productName = QiitaChecker;
			productReference = 57BF2776BB53C69E03644131 /* QiitaChecker.app */;
			productType = "com.apple.product-type.application";
		};
		6EA141BE5CA393093CBCF232 /* QiitaCheckerUITests */ = {
			isa = PBXNativeTarget;
			buildConfigurationList = 3AE17D5BA2EC528DC4547B05 /* Build configuration list for PBXNativeTarget "QiitaCheckerUITests" */;
			buildPhases = (
				0A1790B068383B8DC54B259B /* [CP] Check Pods Manifest.lock */,
				AAA181186D25997BB4265016 /* Sources */,
				CB9E37020E5581EE81D8FCD7 /* Frameworks */,
			);
			buildRules = (
			);
			dependencies = (
			);
			name = QiitaCheckerUITests;
			productName = QiitaCheckerUITests;
			productReference = A165DB404CB2074142CB99A9 /* QiitaCheckerUITests.xctest */;
			productType = "com.apple.product-type.bundle.ui-testing";
		};
		89CA7E1D877DC444EEFD4A03 /* QiitaCheckerTests */ = {
			isa = PBXNativeTarget;
			buildConfigurationList = 878563CFB4B924D4EC239438 /* Build configuration list for PBXNativeTarget "QiitaCheckerTests" */;
			buildPhases = (
				29C1257808DD42B221B72605 /* [CP] Check Pods Manifest.lock */,
				D6439D276330CFC48CF20B66 /* Sources */,
				22B13EC4EBA35CF7C7141C40 /* Frameworks */,
			);
			buildRules = (
			);
			dependencies = (
			);
			name = QiitaCheckerTests;
			productName = QiitaCheckerTests;
			productReference = B420D3927773AC66385326C7 /* QiitaCheckerTests.xctest */;
			productType = "com.apple.product-type.bundle.unit-test";
		};
/* End PBXNativeTarget section */

/* Begin PBXProject section */
		7F15FD72E383541CB5AABF59 /* Project object */ = {
			isa = PBXProject;
			attributes = {
				LastUpgradeCheck = 1020;
				TargetAttributes = {
					3CB11BA30BBBAEBEBED1FC23 = {
						DevelopmentTeam = "Kaoru Muta";
					};
				};
			};
			buildConfigurationList = 4C72FCE02C38861261914774 /* Build configuration list for PBXProject "QiitaChecker" */;
			compatibilityVersion = "Xcode 10.0";
			developmentRegion = en;
			hasScannedForEncodings = 0;
			knownRegions = (
				Base,
			);
			mainGroup = 50D025BA0CEA0470C4F69080;
			productRefGroup = 47F70E87DADF245968280542 /* Products */;
			projectDirPath = "";
			projectRoot = "";
			targets = (
				3CB11BA30BBBAEBEBED1FC23 /* QiitaChecker */,
				89CA7E1D877DC444EEFD4A03 /* QiitaCheckerTests */,
				6EA141BE5CA393093CBCF232 /* QiitaCheckerUITests */,
			);
		};
/* End PBXProject section */

/* Begin PBXResourcesBuildPhase section */
		CAE655CA418C1E216FFE8A3A /* Resources */ = {
			isa = PBXResourcesBuildPhase;
			buildActionMask = 2147483647;
			files = (
				B470D69E7BE42571B5A81B59 /* Assets.xcassets in Resources */,
				A660F75DE22327EABF641A08 /* LaunchScreen.storyboard in Resources */,
				431FBD3D09258758EE0E890E /* Main.storyboard in Resources */,
			);
			runOnlyForDeploymentPostprocessing = 0;
		};
/* End PBXResourcesBuildPhase section */

/* Begin PBXShellScriptBuildPhase section */
		0A1790B068383B8DC54B259B /* [CP] Check Pods Manifest.lock */ = {
			isa = PBXShellScriptBuildPhase;
			buildActionMask = 2147483647;
			files = (
			);
			inputFileListPaths = (
			);
			inputPaths = (
				"${PODS_PODFILE_DIR_PATH}/Podfile.lock",
				"${PODS_ROOT}/Manifest.lock",
			);
			name = "[CP] Check Pods Manifest.lock";
			outputFileListPaths = (
			);
			outputPaths = (
				"$(DERIVED_FILE_DIR)/Pods-QiitaChecker-QiitaCheckerUITests-checkManifestLockResult.txt",
			);
			runOnlyForDeploymentPostprocessing = 0;
			shellPath = /bin/sh;
			shellScript = "diff \"${PODS_PODFILE_DIR_PATH}/Podfile.lock\" \"${PODS_ROOT}/Manifest.lock\" > /dev/null\nif [ $? != 0 ] ; then\n    # print error to STDERR\n    echo \"error: The sandbox is not in sync with the Podfile.lock. Run 'pod install' or update your CocoaPods installation.\" >&2\n    exit 1\nfi\n# This output is used by Xcode 'outputs' to avoid re-running this script phase.\necho \"SUCCESS\" > \"${SCRIPT_OUTPUT_FILE_0}\"\n";
			showEnvVarsInLog = 0;
		};
		1A3152D2BD37D0EBF9BBE310 /* [CP] Check Pods Manifest.lock */ = {
			isa = PBXShellScriptBuildPhase;
			buildActionMask = 2147483647;
			files = (
			);
			inputFileListPaths = (
			);
			inputPaths = (
				"${PODS_PODFILE_DIR_PATH}/Podfile.lock",
				"${PODS_ROOT}/Manifest.lock",
			);
			name = "[CP] Check Pods Manifest.lock";
			outputFileListPaths = (
			);
			outputPaths = (
				"$(DERIVED_FILE_DIR)/Pods-QiitaChecker-checkManifestLockResult.txt",
			);
			runOnlyForDeploymentPostprocessing = 0;
			shellPath = /bin/sh;
			shellScript = "diff \"${PODS_PODFILE_DIR_PATH}/Podfile.lock\" \"${PODS_ROOT}/Manifest.lock\" > /dev/null\nif [ $? != 0 ] ; then\n    # print error to STDERR\n    echo \"error: The sandbox is not in sync with the Podfile.lock. Run 'pod install' or update your CocoaPods installation.\" >&2\n    exit 1\nfi\n# This output is used by Xcode 'outputs' to avoid re-running this script phase.\necho \"SUCCESS\" > \"${SCRIPT_OUTPUT_FILE_0}\"\n";
			showEnvVarsInLog = 0;
		};
		29C1257808DD42B221B72605 /* [CP] Check Pods Manifest.lock */ = {
			isa = PBXShellScriptBuildPhase;
			buildActionMask = 2147483647;
			files = (
			);
			inputFileListPaths = (
			);
			inputPaths = (
				"${PODS_PODFILE_DIR_PATH}/Podfile.lock",
				"${PODS_ROOT}/Manifest.lock",
			);
			name = "[CP] Check Pods Manifest.lock";
			outputFileListPaths = (
			);
			outputPaths = (
				"$(DERIVED_FILE_DIR)/Pods-QiitaCheckerTests-checkManifestLockResult.txt",
			);
			runOnlyForDeploymentPostprocessing = 0;
			shellPath = /bin/sh;
			shellScript = "diff \"${PODS_PODFILE_DIR_PATH}/Podfile.lock\" \"${PODS_ROOT}/Manifest.lock\" > /dev/null\nif [ $? != 0 ] ; then\n    # print error to STDERR\n    echo \"error: The sandbox is not in sync with the Podfile.lock. Run 'pod install' or update your CocoaPods installation.\" >&2\n    exit 1\nfi\n# This output is used by Xcode 'outputs' to avoid re-running this script phase.\necho \"SUCCESS\" > \"${SCRIPT_OUTPUT_FILE_0}\"\n";
			showEnvVarsInLog = 0;
		};
		C0F23C117B4D52FA967A5B3D /* Carthage */ = {
			isa = PBXShellScriptBuildPhase;
			buildActionMask = 2147483647;
			files = (
			);
			inputPaths = (
				"$(SRCROOT)/Carthage/Build/iOS/Alamofire.framework",
				"$(SRCROOT)/Carthage/Build/iOS/RxCocoa.framework",
				"$(SRCROOT)/Carthage/Build/iOS/RxRelay.framework",
				"$(SRCROOT)/Carthage/Build/iOS/RxSwift.framework",
			);
			name = Carthage;
			outputPaths = (
				"$(BUILT_PRODUCTS_DIR)/$(FRAMEWORKS_FOLDER_PATH)/Alamofire.framework",
				"$(BUILT_PRODUCTS_DIR)/$(FRAMEWORKS_FOLDER_PATH)/RxCocoa.framework",
				"$(BUILT_PRODUCTS_DIR)/$(FRAMEWORKS_FOLDER_PATH)/RxRelay.framework",
				"$(BUILT_PRODUCTS_DIR)/$(FRAMEWORKS_FOLDER_PATH)/RxSwift.framework",
			);
			runOnlyForDeploymentPostprocessing = 0;
			shellPath = /bin/sh;
			shellScript = "carthage copy-frameworks\n";
		};
		F6E6163BB373FBC70C53528F /* Swiftlint Run Script */ = {
			isa = PBXShellScriptBuildPhase;
			buildActionMask = 2147483647;
			files = (
			);
			inputFileListPaths = (
			);
			inputPaths = (
			);
			name = "Swiftlint Run Script";
			outputFileListPaths = (
			);
			outputPaths = (
			);
			runOnlyForDeploymentPostprocessing = 0;
			shellPath = /bin/sh;
			shellScript = "${SRCROOT}/Pods/SwiftLint/swiftlint autocorrect\\n${PODS_ROOT}/SwiftLint/swiftlint lint";
		};
/* End PBXShellScriptBuildPhase section */

/* Begin PBXSourcesBuildPhase section */
		8C4EF61E8C3BA6C4847B3093 /* Sources */ = {
			isa = PBXSourcesBuildPhase;
			buildActionMask = 2147483647;
			files = (
				68756C6A0176792FCCACC9FB /* AppDelegate.swift in Sources */,
				559FB7526428EB3CF8889E77 /* SceneDelegate.swift in Sources */,
				ADBFBD44A4D921A096C38918 /* ViewController.swift in Sources */,
			);
			runOnlyForDeploymentPostprocessing = 0;
		};
		AAA181186D25997BB4265016 /* Sources */ = {
			isa = PBXSourcesBuildPhase;
			buildActionMask = 2147483647;
			files = (
			);
			runOnlyForDeploymentPostprocessing = 0;
		};
		D6439D276330CFC48CF20B66 /* Sources */ = {
			isa = PBXSourcesBuildPhase;
			buildActionMask = 2147483647;
			files = (
			);
			runOnlyForDeploymentPostprocessing = 0;
		};
/* End PBXSourcesBuildPhase section */

/* Begin PBXVariantGroup section */
		E18B8F0D1E1FB5E04CEB7598 /* LaunchScreen.storyboard */ = {
			isa = PBXVariantGroup;
			children = (
				CD8A2BE55643E4DC28357E33 /* Base */,
			);
			name = LaunchScreen.storyboard;
			sourceTree = "<group>";
		};
		F1D5FD425C47B32B9C786E00 /* Main.storyboard */ = {
			isa = PBXVariantGroup;
			children = (
				F118EBFFF05665FFC463162D /* Base */,
			);
			name = Main.storyboard;
			sourceTree = "<group>";
		};
/* End PBXVariantGroup section */

/* Begin XCBuildConfiguration section */
		27118E9565CA66FC56ACEA63 /* Release */ = {
			isa = XCBuildConfiguration;
			buildSettings = {
				ALWAYS_SEARCH_USER_PATHS = NO;
				CLANG_ANALYZER_NONNULL = YES;
				CLANG_ANALYZER_NUMBER_OBJECT_CONVERSION = YES_AGGRESSIVE;
				CLANG_CXX_LANGUAGE_STANDARD = "gnu++14";
				CLANG_CXX_LIBRARY = "libc++";
				CLANG_ENABLE_MODULES = YES;
				CLANG_ENABLE_OBJC_ARC = YES;
				CLANG_WARN_BLOCK_CAPTURE_AUTORELEASING = YES;
				CLANG_WARN_BOOL_CONVERSION = YES;
				CLANG_WARN_COMMA = YES;
				CLANG_WARN_CONSTANT_CONVERSION = YES;
				CLANG_WARN_DEPRECATED_OBJC_IMPLEMENTATIONS = YES;
				CLANG_WARN_DIRECT_OBJC_ISA_USAGE = YES_ERROR;
				CLANG_WARN_DOCUMENTATION_COMMENTS = YES;
				CLANG_WARN_EMPTY_BODY = YES;
				CLANG_WARN_ENUM_CONVERSION = YES;
				CLANG_WARN_INFINITE_RECURSION = YES;
				CLANG_WARN_INT_CONVERSION = YES;
				CLANG_WARN_NON_LITERAL_NULL_CONVERSION = YES;
				CLANG_WARN_OBJC_IMPLICIT_RETAIN_SELF = YES;
				CLANG_WARN_OBJC_LITERAL_CONVERSION = YES;
				CLANG_WARN_OBJC_ROOT_CLASS = YES_ERROR;
				CLANG_WARN_RANGE_LOOP_ANALYSIS = YES;
				CLANG_WARN_STRICT_PROTOTYPES = YES;
				CLANG_WARN_SUSPICIOUS_MOVE = YES;
				CLANG_WARN_UNGUARDED_AVAILABILITY = YES_AGGRESSIVE;
				CLANG_WARN_UNREACHABLE_CODE = YES;
				CLANG_WARN__DUPLICATE_METHOD_MATCH = YES;
				COPY_PHASE_STRIP = NO;
				DEBUG_INFORMATION_FORMAT = "dwarf-with-dsym";
				ENABLE_NS_ASSERTIONS = NO;
				ENABLE_STRICT_OBJC_MSGSEND = YES;
				GCC_C_LANGUAGE_STANDARD = gnu11;
				GCC_NO_COMMON_BLOCKS = YES;
				GCC_WARN_64_TO_32_BIT_CONVERSION = YES;
				GCC_WARN_ABOUT_RETURN_TYPE = YES_ERROR;
				GCC_WARN_UNDECLARED_SELECTOR = YES;
				GCC_WARN_UNINITIALIZED_AUTOS = YES_AGGRESSIVE;
				GCC_WARN_UNUSED_FUNCTION = YES;
				GCC_WARN_UNUSED_VARIABLE = YES;
				PRODUCT_NAME = "$(TARGET_NAME)";
				SDKROOT = iphoneos;
				SWIFT_COMPILATION_MODE = wholemodule;
				SWIFT_VERSION = 5.0;
				VALIDATE_PRODUCT = YES;
			};
			name = Release;
		};
		2F7C04E1B698FE0AF3EB7425 /* Release */ = {
			isa = XCBuildConfiguration;
			baseConfigurationReference = 96C8C5D00F0039BF7B6772A2 /* Pods-QiitaChecker-QiitaCheckerUITests.release.xcconfig */;
			buildSettings = {
				BUNDLE_LOADER = "$(TEST_HOST)";
				INFOPLIST_FILE = QiitaCheckerUITests/Info.plist;
				LD_RUNPATH_SEARCH_PATHS = (
					"$(inherited)",
					"@executable_path/Frameworks",
					"@loader_path/Frameworks",
				);
				PRODUCT_BUNDLE_IDENTIFIER = com.muta.QiitaCheckerUITests;
				SDKROOT = iphoneos;
				TARGETED_DEVICE_FAMILY = "1,2";
			};
			name = Release;
		};
		3FFFCB609209122B8B092332 /* Debug */ = {
			isa = XCBuildConfiguration;
			baseConfigurationReference = 0C5FECC8A0E3B13AC05ECFAA /* Pods-QiitaChecker-QiitaCheckerUITests.debug.xcconfig */;
			buildSettings = {
				BUNDLE_LOADER = "$(TEST_HOST)";
				INFOPLIST_FILE = QiitaCheckerUITests/Info.plist;
				LD_RUNPATH_SEARCH_PATHS = (
					"$(inherited)",
					"@executable_path/Frameworks",
					"@loader_path/Frameworks",
				);
				PRODUCT_BUNDLE_IDENTIFIER = com.muta.QiitaCheckerUITests;
				SDKROOT = iphoneos;
				TARGETED_DEVICE_FAMILY = "1,2";
			};
			name = Debug;
		};
		6320C66D17DC6B3DA9D3A7CE /* Release */ = {
			isa = XCBuildConfiguration;
			baseConfigurationReference = D1266665341EEA24ABDC8D5E /* Pods-QiitaCheckerTests.release.xcconfig */;
			buildSettings = {
				BUNDLE_LOADER = "$(TEST_HOST)";
				INFOPLIST_FILE = QiitaCheckerTests/Info.plist;
				LD_RUNPATH_SEARCH_PATHS = (
					"$(inherited)",
					"@executable_path/Frameworks",
					"@loader_path/Frameworks",
				);
				PRODUCT_BUNDLE_IDENTIFIER = com.muta.QiitaCheckerTests;
				SDKROOT = iphoneos;
				TARGETED_DEVICE_FAMILY = "1,2";
			};
			name = Release;
		};
		8881E702CE356F9CB1A795C2 /* Debug */ = {
			isa = XCBuildConfiguration;
			baseConfigurationReference = 9D897192CA30D5E344E4773B /* Pods-QiitaChecker.debug.xcconfig */;
			buildSettings = {
				ASSETCATALOG_COMPILER_APPICON_NAME = AppIcon;
				CODE_SIGN_IDENTITY = "iPhone Developer";
				CURRENT_PROJECT_VERSION = 1;
				DEVELOPMENT_TEAM = "Kaoru Muta";
				FRAMEWORK_SEARCH_PATHS = (
					"$(inherited)",
					"$(PROJECT_DIR)/Carthage/Build/iOS",
				);
				INFOPLIST_FILE = QiitaChecker/Info.plist;
				LD_RUNPATH_SEARCH_PATHS = (
					"$(inherited)",
					"@executable_path/Frameworks",
				);
				MARKETING_VERSIONS = 1.0.0;
				PRODUCT_BUNDLE_IDENTIFIER = com.muta.QiitaChecker;
				SDKROOT = iphoneos;
				TARGETED_DEVICE_FAMILY = "1,2";
			};
			name = Debug;
		};
		8E5D530723A57AC3BC20906D /* Release */ = {
			isa = XCBuildConfiguration;
			baseConfigurationReference = D3845DB38D2817D8F606C62F /* Pods-QiitaChecker.release.xcconfig */;
			buildSettings = {
				ASSETCATALOG_COMPILER_APPICON_NAME = AppIcon;
				CODE_SIGN_IDENTITY = "iPhone Developer";
				CURRENT_PROJECT_VERSION = 1;
				DEVELOPMENT_TEAM = "Kaoru Muta";
				FRAMEWORK_SEARCH_PATHS = (
					"$(inherited)",
					"$(PROJECT_DIR)/Carthage/Build/iOS",
				);
				INFOPLIST_FILE = QiitaChecker/Info.plist;
				LD_RUNPATH_SEARCH_PATHS = (
					"$(inherited)",
					"@executable_path/Frameworks",
				);
				MARKETING_VERSIONS = 1.0.0;
				PRODUCT_BUNDLE_IDENTIFIER = com.muta.QiitaChecker;
				SDKROOT = iphoneos;
				TARGETED_DEVICE_FAMILY = "1,2";
			};
			name = Release;
		};
		D126210B82B55B4319E23925 /* Debug */ = {
			isa = XCBuildConfiguration;
			baseConfigurationReference = 6F0C132953121A6D6C94078C /* Pods-QiitaCheckerTests.debug.xcconfig */;
			buildSettings = {
				BUNDLE_LOADER = "$(TEST_HOST)";
				INFOPLIST_FILE = QiitaCheckerTests/Info.plist;
				LD_RUNPATH_SEARCH_PATHS = (
					"$(inherited)",
					"@executable_path/Frameworks",
					"@loader_path/Frameworks",
				);
				PRODUCT_BUNDLE_IDENTIFIER = com.muta.QiitaCheckerTests;
				SDKROOT = iphoneos;
				TARGETED_DEVICE_FAMILY = "1,2";
			};
			name = Debug;
		};
		EE78824DF9D4DA77E1AE0FD9 /* Debug */ = {
			isa = XCBuildConfiguration;
			buildSettings = {
				ALWAYS_SEARCH_USER_PATHS = NO;
				CLANG_ANALYZER_NONNULL = YES;
				CLANG_ANALYZER_NUMBER_OBJECT_CONVERSION = YES_AGGRESSIVE;
				CLANG_CXX_LANGUAGE_STANDARD = "gnu++14";
				CLANG_CXX_LIBRARY = "libc++";
				CLANG_ENABLE_MODULES = YES;
				CLANG_ENABLE_OBJC_ARC = YES;
				CLANG_WARN_BLOCK_CAPTURE_AUTORELEASING = YES;
				CLANG_WARN_BOOL_CONVERSION = YES;
				CLANG_WARN_COMMA = YES;
				CLANG_WARN_CONSTANT_CONVERSION = YES;
				CLANG_WARN_DEPRECATED_OBJC_IMPLEMENTATIONS = YES;
				CLANG_WARN_DIRECT_OBJC_ISA_USAGE = YES_ERROR;
				CLANG_WARN_DOCUMENTATION_COMMENTS = YES;
				CLANG_WARN_EMPTY_BODY = YES;
				CLANG_WARN_ENUM_CONVERSION = YES;
				CLANG_WARN_INFINITE_RECURSION = YES;
				CLANG_WARN_INT_CONVERSION = YES;
				CLANG_WARN_NON_LITERAL_NULL_CONVERSION = YES;
				CLANG_WARN_OBJC_IMPLICIT_RETAIN_SELF = YES;
				CLANG_WARN_OBJC_LITERAL_CONVERSION = YES;
				CLANG_WARN_OBJC_ROOT_CLASS = YES_ERROR;
				CLANG_WARN_RANGE_LOOP_ANALYSIS = YES;
				CLANG_WARN_STRICT_PROTOTYPES = YES;
				CLANG_WARN_SUSPICIOUS_MOVE = YES;
				CLANG_WARN_UNGUARDED_AVAILABILITY = YES_AGGRESSIVE;
				CLANG_WARN_UNREACHABLE_CODE = YES;
				CLANG_WARN__DUPLICATE_METHOD_MATCH = YES;
				COPY_PHASE_STRIP = NO;
				DEBUG_INFORMATION_FORMAT = dwarf;
				ENABLE_STRICT_OBJC_MSGSEND = YES;
				ENABLE_TESTABILITY = YES;
				GCC_C_LANGUAGE_STANDARD = gnu11;
				GCC_DYNAMIC_NO_PIC = NO;
				GCC_NO_COMMON_BLOCKS = YES;
				GCC_OPTIMIZATION_LEVEL = 0;
				GCC_PREPROCESSOR_DEFINITIONS = (
					"$(inherited)",
					"DEBUG=1",
				);
				GCC_WARN_64_TO_32_BIT_CONVERSION = YES;
				GCC_WARN_ABOUT_RETURN_TYPE = YES_ERROR;
				GCC_WARN_UNDECLARED_SELECTOR = YES;
				GCC_WARN_UNINITIALIZED_AUTOS = YES_AGGRESSIVE;
				GCC_WARN_UNUSED_FUNCTION = YES;
				GCC_WARN_UNUSED_VARIABLE = YES;
				MTL_ENABLE_DEBUG_INFO = YES;
				ONLY_ACTIVE_ARCH = YES;
				PRODUCT_NAME = "$(TARGET_NAME)";
				SDKROOT = iphoneos;
				SWIFT_ACTIVE_COMPILATION_CONDITIONS = DEBUG;
				SWIFT_OPTIMIZATION_LEVEL = "-Onone";
				SWIFT_VERSION = 5.0;
			};
			name = Debug;
		};
/* End XCBuildConfiguration section */

/* Begin XCConfigurationList section */
		3AE17D5BA2EC528DC4547B05 /* Build configuration list for PBXNativeTarget "QiitaCheckerUITests" */ = {
			isa = XCConfigurationList;
			buildConfigurations = (
				3FFFCB609209122B8B092332 /* Debug */,
				2F7C04E1B698FE0AF3EB7425 /* Release */,
			);
			defaultConfigurationIsVisible = 0;
			defaultConfigurationName = "";
		};
		4C72FCE02C38861261914774 /* Build configuration list for PBXProject "QiitaChecker" */ = {
			isa = XCConfigurationList;
			buildConfigurations = (
				EE78824DF9D4DA77E1AE0FD9 /* Debug */,
				27118E9565CA66FC56ACEA63 /* Release */,
			);
			defaultConfigurationIsVisible = 0;
			defaultConfigurationName = Debug;
		};
		820B33C1C0950E28F7F7DD4F /* Build configuration list for PBXNativeTarget "QiitaChecker" */ = {
			isa = XCConfigurationList;
			buildConfigurations = (
				8881E702CE356F9CB1A795C2 /* Debug */,
				8E5D530723A57AC3BC20906D /* Release */,
			);
			defaultConfigurationIsVisible = 0;
			defaultConfigurationName = "";
		};
		878563CFB4B924D4EC239438 /* Build configuration list for PBXNativeTarget "QiitaCheckerTests" */ = {
			isa = XCConfigurationList;
			buildConfigurations = (
				D126210B82B55B4319E23925 /* Debug */,
				6320C66D17DC6B3DA9D3A7CE /* Release */,
			);
			defaultConfigurationIsVisible = 0;
			defaultConfigurationName = "";
		};
/* End XCConfigurationList section */
	};
	rootObject = 7F15FD72E383541CB5AABF59 /* Project object */;
}
