// !$*UTF8*$!
{
	archiveVersion = 1;
	classes = {
	};
	objectVersion = 51;
	objects = {

/* Begin PBXBuildFile section */
		07BA7228334D42FB88ECDF8F /* RxCocoa.framework in Frameworks */ = {isa = PBXBuildFile; fileRef = 1F20D224C495CF4867DE949A /* RxCocoa.framework */; };
		0A512980744ED0F811274FD9 /* LaunchScreen.storyboard in Resources */ = {isa = PBXBuildFile; fileRef = 1194FC15075C6FD70ADE340B /* LaunchScreen.storyboard */; };
		10142456986559A99F8992A5 /* Parchment.framework in Embed Frameworks */ = {isa = PBXBuildFile; fileRef = 985C3FBACF887EEE20B0C9A2 /* Parchment.framework */; settings = {ATTRIBUTES = (CodeSignOnCopy, RemoveHeadersOnCopy, ); }; };
		149DEAC750A722B98A8D5ACD /* Parchment.framework in Frameworks */ = {isa = PBXBuildFile; fileRef = 985C3FBACF887EEE20B0C9A2 /* Parchment.framework */; };
		220E901B110567DEAF01667C /* RxCocoa.framework in Embed Frameworks */ = {isa = PBXBuildFile; fileRef = 1F20D224C495CF4867DE949A /* RxCocoa.framework */; settings = {ATTRIBUTES = (CodeSignOnCopy, RemoveHeadersOnCopy, ); }; };
		22D4B1909EA54DFC36B5E302 /* RxSwift.framework in Embed Frameworks */ = {isa = PBXBuildFile; fileRef = E7959E387B71D5F104D73C7D /* RxSwift.framework */; settings = {ATTRIBUTES = (CodeSignOnCopy, RemoveHeadersOnCopy, ); }; };
		2AA05A982AC06046A13B1C2C /* RxRelay.framework in Embed Frameworks */ = {isa = PBXBuildFile; fileRef = 716A869B46A63677873A812B /* RxRelay.framework */; settings = {ATTRIBUTES = (CodeSignOnCopy, RemoveHeadersOnCopy, ); }; };
		3B450F9A4FD078412B99E216 /* RxSwift.framework in Embed Frameworks */ = {isa = PBXBuildFile; fileRef = E7959E387B71D5F104D73C7D /* RxSwift.framework */; settings = {ATTRIBUTES = (CodeSignOnCopy, RemoveHeadersOnCopy, ); }; };
		3D64F1CF4EBA18B8D51E8327 /* RxSwift.framework in Frameworks */ = {isa = PBXBuildFile; fileRef = E7959E387B71D5F104D73C7D /* RxSwift.framework */; };
		589B0F41A275759B4CAAF046 /* Alamofire.framework in Embed Frameworks */ = {isa = PBXBuildFile; fileRef = 86824AA9B901163818F3106B /* Alamofire.framework */; settings = {ATTRIBUTES = (CodeSignOnCopy, RemoveHeadersOnCopy, ); }; };
		5B5B2494EF4E23029BD49CA8 /* Assets.xcassets in Resources */ = {isa = PBXBuildFile; fileRef = CDA56720F51F079039C989D0 /* Assets.xcassets */; };
		617BDE4C893CFA641B4C63BB /* AppDelegate.swift in Sources */ = {isa = PBXBuildFile; fileRef = 400BE335045A06B2DD9721B8 /* AppDelegate.swift */; };
		785A5D47D3EC13E5A339D9E4 /* HomeViewController.swift in Sources */ = {isa = PBXBuildFile; fileRef = 83F76EF93708EC7451430A98 /* HomeViewController.swift */; };
		7DD5916CDE01404CC4F18274 /* RxRelay.framework in Embed Frameworks */ = {isa = PBXBuildFile; fileRef = 716A869B46A63677873A812B /* RxRelay.framework */; settings = {ATTRIBUTES = (CodeSignOnCopy, RemoveHeadersOnCopy, ); }; };
		7DDEA2FA1FF6CA61C31D130A /* Floaty.framework in Frameworks */ = {isa = PBXBuildFile; fileRef = 475C9A6CDC03D889959666C7 /* Floaty.framework */; };
		7FD6DB6F9093E448C425021E /* RxCocoa.framework in Embed Frameworks */ = {isa = PBXBuildFile; fileRef = 1F20D224C495CF4867DE949A /* RxCocoa.framework */; settings = {ATTRIBUTES = (CodeSignOnCopy, RemoveHeadersOnCopy, ); }; };
		8AFB69D19ACBCE51C495E4E8 /* Pods_QiitaChecker_QiitaCheckerUITests.framework in Frameworks */ = {isa = PBXBuildFile; fileRef = 986C9D613E7289CD1B50FA03 /* Pods_QiitaChecker_QiitaCheckerUITests.framework */; };
		9CF3F2D71F85F107616D79DC /* Pods_QiitaChecker.framework in Frameworks */ = {isa = PBXBuildFile; fileRef = 44095A22A435230AE486C630 /* Pods_QiitaChecker.framework */; };
		A9EBDDC7EBDEE100B9C98B51 /* Floaty.framework in Embed Frameworks */ = {isa = PBXBuildFile; fileRef = 475C9A6CDC03D889959666C7 /* Floaty.framework */; settings = {ATTRIBUTES = (CodeSignOnCopy, RemoveHeadersOnCopy, ); }; };
		AC152B0B741B3812DFD20709 /* Parchment.framework in Embed Frameworks */ = {isa = PBXBuildFile; fileRef = 985C3FBACF887EEE20B0C9A2 /* Parchment.framework */; settings = {ATTRIBUTES = (CodeSignOnCopy, RemoveHeadersOnCopy, ); }; };
		B0BA4AD5E16E02F42D837B06 /* SceneDelegate.swift in Sources */ = {isa = PBXBuildFile; fileRef = 8E7917C6CFC952169C4601A2 /* SceneDelegate.swift */; };
		B9C88240A537DE36899CE76C /* Pods_QiitaCheckerTests.framework in Frameworks */ = {isa = PBXBuildFile; fileRef = 97EA50EE4949C32F4EE88F82 /* Pods_QiitaCheckerTests.framework */; };
		BFC866B8F9D84A2543CE6D9D /* Home.storyboard in Resources */ = {isa = PBXBuildFile; fileRef = 40C258846743D0065795F546 /* Home.storyboard */; };
		DAF53656776732D22020648A /* Alamofire.framework in Embed Frameworks */ = {isa = PBXBuildFile; fileRef = 86824AA9B901163818F3106B /* Alamofire.framework */; settings = {ATTRIBUTES = (CodeSignOnCopy, RemoveHeadersOnCopy, ); }; };
		E247D17A24BE04CB0007FC65 /* LatestPostViewController.swift in Sources */ = {isa = PBXBuildFile; fileRef = E247D17924BE04CB0007FC65 /* LatestPostViewController.swift */; };
		E247D17C24BE04E30007FC65 /* LatestPostViewController.storyboard in Resources */ = {isa = PBXBuildFile; fileRef = E247D17B24BE04E30007FC65 /* LatestPostViewController.storyboard */; };
		E247D18324BE074D0007FC65 /* PostCell.swift in Sources */ = {isa = PBXBuildFile; fileRef = E247D18124BE074D0007FC65 /* PostCell.swift */; };
		E247D18424BE074D0007FC65 /* PostCell.xib in Resources */ = {isa = PBXBuildFile; fileRef = E247D18224BE074D0007FC65 /* PostCell.xib */; };
		E247D18624BEAD7A0007FC65 /* LatestPostDataSource.swift in Sources */ = {isa = PBXBuildFile; fileRef = E247D18524BEAD7A0007FC65 /* LatestPostDataSource.swift */; };
		E247D18924BEAF2B0007FC65 /* UIViewController+.swift in Sources */ = {isa = PBXBuildFile; fileRef = E247D18824BEAF2B0007FC65 /* UIViewController+.swift */; };
		E69A599072C1D1F172E3C3D5 /* Floaty.framework in Embed Frameworks */ = {isa = PBXBuildFile; fileRef = 475C9A6CDC03D889959666C7 /* Floaty.framework */; settings = {ATTRIBUTES = (CodeSignOnCopy, RemoveHeadersOnCopy, ); }; };
		F5B3EA6FC0F8A83DC9CBAC46 /* RxRelay.framework in Frameworks */ = {isa = PBXBuildFile; fileRef = 716A869B46A63677873A812B /* RxRelay.framework */; };
		FC72F3C3953854637D1C136F /* Alamofire.framework in Frameworks */ = {isa = PBXBuildFile; fileRef = 86824AA9B901163818F3106B /* Alamofire.framework */; };
/* End PBXBuildFile section */

/* Begin PBXContainerItemProxy section */
		098E60EC000D3E4BE980766B /* PBXContainerItemProxy */ = {
			isa = PBXContainerItemProxy;
			containerPortal = 7F15FD72E383541CB5AABF59 /* Project object */;
			proxyType = 1;
			remoteGlobalIDString = 3CB11BA30BBBAEBEBED1FC23;
			remoteInfo = QiitaChecker;
		};
		ABB790316752B5EB06D5B8A4 /* PBXContainerItemProxy */ = {
			isa = PBXContainerItemProxy;
			containerPortal = 7F15FD72E383541CB5AABF59 /* Project object */;
			proxyType = 1;
			remoteGlobalIDString = 3CB11BA30BBBAEBEBED1FC23;
			remoteInfo = QiitaChecker;
		};
/* End PBXContainerItemProxy section */

/* Begin PBXCopyFilesBuildPhase section */
		4588161BE579A7F14719978E /* Embed Frameworks */ = {
			isa = PBXCopyFilesBuildPhase;
			buildActionMask = 2147483647;
			dstPath = "";
			dstSubfolderSpec = 10;
			files = (
				589B0F41A275759B4CAAF046 /* Alamofire.framework in Embed Frameworks */,
				E69A599072C1D1F172E3C3D5 /* Floaty.framework in Embed Frameworks */,
				AC152B0B741B3812DFD20709 /* Parchment.framework in Embed Frameworks */,
				7FD6DB6F9093E448C425021E /* RxCocoa.framework in Embed Frameworks */,
				7DD5916CDE01404CC4F18274 /* RxRelay.framework in Embed Frameworks */,
				3B450F9A4FD078412B99E216 /* RxSwift.framework in Embed Frameworks */,
			);
			name = "Embed Frameworks";
			runOnlyForDeploymentPostprocessing = 0;
		};
		E86ECE30F6C41053BB3F6A10 /* Embed Frameworks */ = {
			isa = PBXCopyFilesBuildPhase;
			buildActionMask = 2147483647;
			dstPath = "";
			dstSubfolderSpec = 10;
			files = (
				DAF53656776732D22020648A /* Alamofire.framework in Embed Frameworks */,
				A9EBDDC7EBDEE100B9C98B51 /* Floaty.framework in Embed Frameworks */,
				10142456986559A99F8992A5 /* Parchment.framework in Embed Frameworks */,
				220E901B110567DEAF01667C /* RxCocoa.framework in Embed Frameworks */,
				2AA05A982AC06046A13B1C2C /* RxRelay.framework in Embed Frameworks */,
				22D4B1909EA54DFC36B5E302 /* RxSwift.framework in Embed Frameworks */,
			);
			name = "Embed Frameworks";
			runOnlyForDeploymentPostprocessing = 0;
		};
/* End PBXCopyFilesBuildPhase section */

/* Begin PBXFileReference section */
		0A9B4FF23A3546889264B574 /* Pods-QiitaCheckerTests.debug.xcconfig */ = {isa = PBXFileReference; includeInIndex = 1; lastKnownFileType = text.xcconfig; name = "Pods-QiitaCheckerTests.debug.xcconfig"; path = "Target Support Files/Pods-QiitaCheckerTests/Pods-QiitaCheckerTests.debug.xcconfig"; sourceTree = "<group>"; };
		1F20D224C495CF4867DE949A /* RxCocoa.framework */ = {isa = PBXFileReference; lastKnownFileType = wrapper.framework; path = RxCocoa.framework; sourceTree = "<group>"; };
		27F9CFAD9A9A70CDCFC9DEA7 /* Base */ = {isa = PBXFileReference; lastKnownFileType = file.storyboard; name = Base; path = Base.lproj/LaunchScreen.storyboard; sourceTree = "<group>"; };
		299C80B248FBDF6FBD1289F4 /* Info.plist */ = {isa = PBXFileReference; lastKnownFileType = text.plist.xml; path = Info.plist; sourceTree = "<group>"; };
		396884903B1A182D6FE05ED1 /* Pods-QiitaChecker-QiitaCheckerUITests.release.xcconfig */ = {isa = PBXFileReference; includeInIndex = 1; lastKnownFileType = text.xcconfig; name = "Pods-QiitaChecker-QiitaCheckerUITests.release.xcconfig"; path = "Target Support Files/Pods-QiitaChecker-QiitaCheckerUITests/Pods-QiitaChecker-QiitaCheckerUITests.release.xcconfig"; sourceTree = "<group>"; };
		400BE335045A06B2DD9721B8 /* AppDelegate.swift */ = {isa = PBXFileReference; lastKnownFileType = sourcecode.swift; path = AppDelegate.swift; sourceTree = "<group>"; };
		44095A22A435230AE486C630 /* Pods_QiitaChecker.framework */ = {isa = PBXFileReference; explicitFileType = wrapper.framework; includeInIndex = 0; path = Pods_QiitaChecker.framework; sourceTree = BUILT_PRODUCTS_DIR; };
		475C9A6CDC03D889959666C7 /* Floaty.framework */ = {isa = PBXFileReference; lastKnownFileType = wrapper.framework; path = Floaty.framework; sourceTree = "<group>"; };
		57BF2776BB53C69E03644131 /* QiitaChecker.app */ = {isa = PBXFileReference; includeInIndex = 0; lastKnownFileType = wrapper.application; path = QiitaChecker.app; sourceTree = BUILT_PRODUCTS_DIR; };
		6AB646EA72114387F7E7C46B /* Pods-QiitaCheckerTests.release.xcconfig */ = {isa = PBXFileReference; includeInIndex = 1; lastKnownFileType = text.xcconfig; name = "Pods-QiitaCheckerTests.release.xcconfig"; path = "Target Support Files/Pods-QiitaCheckerTests/Pods-QiitaCheckerTests.release.xcconfig"; sourceTree = "<group>"; };
		716A869B46A63677873A812B /* RxRelay.framework */ = {isa = PBXFileReference; lastKnownFileType = wrapper.framework; path = RxRelay.framework; sourceTree = "<group>"; };
		7203FAEFE4E5D7607D2A5A86 /* Pods-QiitaChecker.release.xcconfig */ = {isa = PBXFileReference; includeInIndex = 1; lastKnownFileType = text.xcconfig; name = "Pods-QiitaChecker.release.xcconfig"; path = "Target Support Files/Pods-QiitaChecker/Pods-QiitaChecker.release.xcconfig"; sourceTree = "<group>"; };
		83F76EF93708EC7451430A98 /* HomeViewController.swift */ = {isa = PBXFileReference; lastKnownFileType = sourcecode.swift; path = HomeViewController.swift; sourceTree = "<group>"; };
		86824AA9B901163818F3106B /* Alamofire.framework */ = {isa = PBXFileReference; lastKnownFileType = wrapper.framework; path = Alamofire.framework; sourceTree = "<group>"; };
		8E7917C6CFC952169C4601A2 /* SceneDelegate.swift */ = {isa = PBXFileReference; lastKnownFileType = sourcecode.swift; path = SceneDelegate.swift; sourceTree = "<group>"; };
		97EA50EE4949C32F4EE88F82 /* Pods_QiitaCheckerTests.framework */ = {isa = PBXFileReference; explicitFileType = wrapper.framework; includeInIndex = 0; path = Pods_QiitaCheckerTests.framework; sourceTree = BUILT_PRODUCTS_DIR; };
		985C3FBACF887EEE20B0C9A2 /* Parchment.framework */ = {isa = PBXFileReference; lastKnownFileType = wrapper.framework; path = Parchment.framework; sourceTree = "<group>"; };
		986C9D613E7289CD1B50FA03 /* Pods_QiitaChecker_QiitaCheckerUITests.framework */ = {isa = PBXFileReference; explicitFileType = wrapper.framework; includeInIndex = 0; path = Pods_QiitaChecker_QiitaCheckerUITests.framework; sourceTree = BUILT_PRODUCTS_DIR; };
		9E4618D575892C1240555BA5 /* Base */ = {isa = PBXFileReference; lastKnownFileType = file.storyboard; name = Base; path = Base.lproj/Home.storyboard; sourceTree = "<group>"; };
		A165DB404CB2074142CB99A9 /* QiitaCheckerUITests.xctest */ = {isa = PBXFileReference; includeInIndex = 0; lastKnownFileType = wrapper.cfbundle; path = QiitaCheckerUITests.xctest; sourceTree = BUILT_PRODUCTS_DIR; };
		B420D3927773AC66385326C7 /* QiitaCheckerTests.xctest */ = {isa = PBXFileReference; includeInIndex = 0; lastKnownFileType = wrapper.cfbundle; path = QiitaCheckerTests.xctest; sourceTree = BUILT_PRODUCTS_DIR; };
		CDA56720F51F079039C989D0 /* Assets.xcassets */ = {isa = PBXFileReference; lastKnownFileType = folder.assetcatalog; path = Assets.xcassets; sourceTree = "<group>"; };
		D8A67FC519791420B7F50B61 /* Pods-QiitaChecker.debug.xcconfig */ = {isa = PBXFileReference; includeInIndex = 1; lastKnownFileType = text.xcconfig; name = "Pods-QiitaChecker.debug.xcconfig"; path = "Target Support Files/Pods-QiitaChecker/Pods-QiitaChecker.debug.xcconfig"; sourceTree = "<group>"; };
		E247D17924BE04CB0007FC65 /* LatestPostViewController.swift */ = {isa = PBXFileReference; lastKnownFileType = sourcecode.swift; path = LatestPostViewController.swift; sourceTree = "<group>"; };
		E247D17B24BE04E30007FC65 /* LatestPostViewController.storyboard */ = {isa = PBXFileReference; lastKnownFileType = file.storyboard; path = LatestPostViewController.storyboard; sourceTree = "<group>"; };
		E247D18124BE074D0007FC65 /* PostCell.swift */ = {isa = PBXFileReference; lastKnownFileType = sourcecode.swift; path = PostCell.swift; sourceTree = "<group>"; };
		E247D18224BE074D0007FC65 /* PostCell.xib */ = {isa = PBXFileReference; lastKnownFileType = file.xib; path = PostCell.xib; sourceTree = "<group>"; };
		E247D18524BEAD7A0007FC65 /* LatestPostDataSource.swift */ = {isa = PBXFileReference; lastKnownFileType = sourcecode.swift; path = LatestPostDataSource.swift; sourceTree = "<group>"; };
		E247D18824BEAF2B0007FC65 /* UIViewController+.swift */ = {isa = PBXFileReference; lastKnownFileType = sourcecode.swift; path = "UIViewController+.swift"; sourceTree = "<group>"; };
		E7959E387B71D5F104D73C7D /* RxSwift.framework */ = {isa = PBXFileReference; lastKnownFileType = wrapper.framework; path = RxSwift.framework; sourceTree = "<group>"; };
		E838037A0C5E8DF16E0A5225 /* Pods-QiitaChecker-QiitaCheckerUITests.debug.xcconfig */ = {isa = PBXFileReference; includeInIndex = 1; lastKnownFileType = text.xcconfig; name = "Pods-QiitaChecker-QiitaCheckerUITests.debug.xcconfig"; path = "Target Support Files/Pods-QiitaChecker-QiitaCheckerUITests/Pods-QiitaChecker-QiitaCheckerUITests.debug.xcconfig"; sourceTree = "<group>"; };
/* End PBXFileReference section */

/* Begin PBXFrameworksBuildPhase section */
		39B80868223FC20FBAE43ED9 /* Frameworks */ = {
			isa = PBXFrameworksBuildPhase;
			buildActionMask = 2147483647;
			files = (
				B9C88240A537DE36899CE76C /* Pods_QiitaCheckerTests.framework in Frameworks */,
			);
			runOnlyForDeploymentPostprocessing = 0;
		};
		62A318E294352E537D423E6F /* Frameworks */ = {
			isa = PBXFrameworksBuildPhase;
			buildActionMask = 2147483647;
			files = (
				3D64F1CF4EBA18B8D51E8327 /* RxSwift.framework in Frameworks */,
				07BA7228334D42FB88ECDF8F /* RxCocoa.framework in Frameworks */,
				F5B3EA6FC0F8A83DC9CBAC46 /* RxRelay.framework in Frameworks */,
				FC72F3C3953854637D1C136F /* Alamofire.framework in Frameworks */,
				149DEAC750A722B98A8D5ACD /* Parchment.framework in Frameworks */,
				7DDEA2FA1FF6CA61C31D130A /* Floaty.framework in Frameworks */,
				9CF3F2D71F85F107616D79DC /* Pods_QiitaChecker.framework in Frameworks */,
			);
			runOnlyForDeploymentPostprocessing = 0;
		};
		E7DAAE2A23DEFFD162417D86 /* Frameworks */ = {
			isa = PBXFrameworksBuildPhase;
			buildActionMask = 2147483647;
			files = (
				8AFB69D19ACBCE51C495E4E8 /* Pods_QiitaChecker_QiitaCheckerUITests.framework in Frameworks */,
			);
			runOnlyForDeploymentPostprocessing = 0;
		};
/* End PBXFrameworksBuildPhase section */

/* Begin PBXGroup section */
		10D7187D521A27B76209D94D /* QiitaChecker */ = {
			isa = PBXGroup;
			children = (
				64E74184D95DBA619CA3BEEF /* Common */,
				784ADC260AF0BDFDD147FB29 /* Presentation */,
			);
			path = QiitaChecker;
			sourceTree = "<group>";
		};
		15018EDB16FE36A5B020E332 /* iOS */ = {
			isa = PBXGroup;
			children = (
				86824AA9B901163818F3106B /* Alamofire.framework */,
				475C9A6CDC03D889959666C7 /* Floaty.framework */,
				985C3FBACF887EEE20B0C9A2 /* Parchment.framework */,
				1F20D224C495CF4867DE949A /* RxCocoa.framework */,
				716A869B46A63677873A812B /* RxRelay.framework */,
				E7959E387B71D5F104D73C7D /* RxSwift.framework */,
			);
			path = iOS;
			sourceTree = "<group>";
		};
		20ED43BAD9FDF578E0A41138 /* View */ = {
			isa = PBXGroup;
			children = (
				1194FC15075C6FD70ADE340B /* LaunchScreen.storyboard */,
				E247D17E24BE06470007FC65 /* LatestPost */,
				E247D17D24BE062A0007FC65 /* Home */,
			);
			path = View;
			sourceTree = "<group>";
		};
		47F70E87DADF245968280542 /* Products */ = {
			isa = PBXGroup;
			children = (
				57BF2776BB53C69E03644131 /* QiitaChecker.app */,
				B420D3927773AC66385326C7 /* QiitaCheckerTests.xctest */,
				A165DB404CB2074142CB99A9 /* QiitaCheckerUITests.xctest */,
			);
			name = Products;
			sourceTree = "<group>";
		};
		50D025BA0CEA0470C4F69080 = {
			isa = PBXGroup;
			children = (
				10D7187D521A27B76209D94D /* QiitaChecker */,
				7C9CA769D3D4F12AF58A7F3B /* Frameworks */,
				47F70E87DADF245968280542 /* Products */,
				D86D74A87EDFF01AD3921C34 /* Pods */,
			);
			sourceTree = "<group>";
		};
		64E74184D95DBA619CA3BEEF /* Common */ = {
			isa = PBXGroup;
			children = (
				9ADA64DBD2518AB566191C33 /* Application */,
				AF207E6F1F92282A5D79CF46 /* Resource */,
				E247D18724BEAF080007FC65 /* Extension */,
			);
			path = Common;
			sourceTree = "<group>";
		};
		6F746A4EFED95A027010CF86 /* Carthage */ = {
			isa = PBXGroup;
			children = (
				15018EDB16FE36A5B020E332 /* iOS */,
			);
			name = Carthage;
			path = Carthage/Build;
			sourceTree = "<group>";
		};
		784ADC260AF0BDFDD147FB29 /* Presentation */ = {
			isa = PBXGroup;
			children = (
				20ED43BAD9FDF578E0A41138 /* View */,
			);
			path = Presentation;
			sourceTree = "<group>";
		};
		7C9CA769D3D4F12AF58A7F3B /* Frameworks */ = {
			isa = PBXGroup;
			children = (
				6F746A4EFED95A027010CF86 /* Carthage */,
				44095A22A435230AE486C630 /* Pods_QiitaChecker.framework */,
				986C9D613E7289CD1B50FA03 /* Pods_QiitaChecker_QiitaCheckerUITests.framework */,
				97EA50EE4949C32F4EE88F82 /* Pods_QiitaCheckerTests.framework */,
			);
			name = Frameworks;
			sourceTree = "<group>";
		};
		9ADA64DBD2518AB566191C33 /* Application */ = {
			isa = PBXGroup;
			children = (
				400BE335045A06B2DD9721B8 /* AppDelegate.swift */,
				8E7917C6CFC952169C4601A2 /* SceneDelegate.swift */,
			);
			path = Application;
			sourceTree = "<group>";
		};
		AF207E6F1F92282A5D79CF46 /* Resource */ = {
			isa = PBXGroup;
			children = (
				CDA56720F51F079039C989D0 /* Assets.xcassets */,
				299C80B248FBDF6FBD1289F4 /* Info.plist */,
			);
			path = Resource;
			sourceTree = "<group>";
		};
		D86D74A87EDFF01AD3921C34 /* Pods */ = {
			isa = PBXGroup;
			children = (
				D8A67FC519791420B7F50B61 /* Pods-QiitaChecker.debug.xcconfig */,
				7203FAEFE4E5D7607D2A5A86 /* Pods-QiitaChecker.release.xcconfig */,
				E838037A0C5E8DF16E0A5225 /* Pods-QiitaChecker-QiitaCheckerUITests.debug.xcconfig */,
				396884903B1A182D6FE05ED1 /* Pods-QiitaChecker-QiitaCheckerUITests.release.xcconfig */,
				0A9B4FF23A3546889264B574 /* Pods-QiitaCheckerTests.debug.xcconfig */,
				6AB646EA72114387F7E7C46B /* Pods-QiitaCheckerTests.release.xcconfig */,
			);
			path = Pods;
			sourceTree = "<group>";
		};
		E247D17D24BE062A0007FC65 /* Home */ = {
			isa = PBXGroup;
			children = (
				83F76EF93708EC7451430A98 /* HomeViewController.swift */,
				40C258846743D0065795F546 /* Home.storyboard */,
			);
			path = Home;
			sourceTree = "<group>";
		};
		E247D17E24BE06470007FC65 /* LatestPost */ = {
			isa = PBXGroup;
			children = (
				E247D17924BE04CB0007FC65 /* LatestPostViewController.swift */,
				E247D18524BEAD7A0007FC65 /* LatestPostDataSource.swift */,
				E247D18124BE074D0007FC65 /* PostCell.swift */,
				E247D17B24BE04E30007FC65 /* LatestPostViewController.storyboard */,
				E247D18224BE074D0007FC65 /* PostCell.xib */,
			);
			path = LatestPost;
			sourceTree = "<group>";
		};
		E247D18724BEAF080007FC65 /* Extension */ = {
			isa = PBXGroup;
			children = (
				E247D18824BEAF2B0007FC65 /* UIViewController+.swift */,
			);
			path = Extension;
			sourceTree = "<group>";
		};
/* End PBXGroup section */

/* Begin PBXNativeTarget section */
		3CB11BA30BBBAEBEBED1FC23 /* QiitaChecker */ = {
			isa = PBXNativeTarget;
			buildConfigurationList = 820B33C1C0950E28F7F7DD4F /* Build configuration list for PBXNativeTarget "QiitaChecker" */;
			buildPhases = (
				8B69F0279F48ED640DC88BB8 /* [CP] Check Pods Manifest.lock */,
				BDCBAD9B44895B5768D51F04 /* SwiftLint AutoCorrect */,
				55A668B6C67C931B8BB0C91E /* SwiftLint */,
				8C4EF61E8C3BA6C4847B3093 /* Sources */,
				CAE655CA418C1E216FFE8A3A /* Resources */,
				C0F23C117B4D52FA967A5B3D /* Carthage */,
				62A318E294352E537D423E6F /* Frameworks */,
			);
			buildRules = (
			);
			dependencies = (
			);
			name = QiitaChecker;
			productName = QiitaChecker;
			productReference = 57BF2776BB53C69E03644131 /* QiitaChecker.app */;
			productType = "com.apple.product-type.application";
		};
		6EA141BE5CA393093CBCF232 /* QiitaCheckerUITests */ = {
			isa = PBXNativeTarget;
			buildConfigurationList = 3AE17D5BA2EC528DC4547B05 /* Build configuration list for PBXNativeTarget "QiitaCheckerUITests" */;
			buildPhases = (
				10550F50CCF3296E3658883A /* [CP] Check Pods Manifest.lock */,
				AAA181186D25997BB4265016 /* Sources */,
				E86ECE30F6C41053BB3F6A10 /* Embed Frameworks */,
				E7DAAE2A23DEFFD162417D86 /* Frameworks */,
			);
			buildRules = (
			);
			dependencies = (
				E83B09815B256A4CCB99926E /* PBXTargetDependency */,
			);
			name = QiitaCheckerUITests;
			productName = QiitaCheckerUITests;
			productReference = A165DB404CB2074142CB99A9 /* QiitaCheckerUITests.xctest */;
			productType = "com.apple.product-type.bundle.ui-testing";
		};
		89CA7E1D877DC444EEFD4A03 /* QiitaCheckerTests */ = {
			isa = PBXNativeTarget;
			buildConfigurationList = 878563CFB4B924D4EC239438 /* Build configuration list for PBXNativeTarget "QiitaCheckerTests" */;
			buildPhases = (
				D5C46217BFE33588D22AC763 /* [CP] Check Pods Manifest.lock */,
				D6439D276330CFC48CF20B66 /* Sources */,
				4588161BE579A7F14719978E /* Embed Frameworks */,
				39B80868223FC20FBAE43ED9 /* Frameworks */,
			);
			buildRules = (
			);
			dependencies = (
				5E952B9DAC03264AB1D55C73 /* PBXTargetDependency */,
			);
			name = QiitaCheckerTests;
			productName = QiitaCheckerTests;
			productReference = B420D3927773AC66385326C7 /* QiitaCheckerTests.xctest */;
			productType = "com.apple.product-type.bundle.unit-test";
		};
/* End PBXNativeTarget section */

/* Begin PBXProject section */
		7F15FD72E383541CB5AABF59 /* Project object */ = {
			isa = PBXProject;
			attributes = {
				LastUpgradeCheck = 1020;
				TargetAttributes = {
					3CB11BA30BBBAEBEBED1FC23 = {
						DevelopmentTeam = "Kaoru Muta";
					};
					6EA141BE5CA393093CBCF232 = {
						TestTargetID = 3CB11BA30BBBAEBEBED1FC23;
					};
					89CA7E1D877DC444EEFD4A03 = {
						TestTargetID = 3CB11BA30BBBAEBEBED1FC23;
					};
				};
			};
			buildConfigurationList = 4C72FCE02C38861261914774 /* Build configuration list for PBXProject "QiitaChecker" */;
			compatibilityVersion = "Xcode 10.0";
			developmentRegion = en;
			hasScannedForEncodings = 0;
			knownRegions = (
				en,
				Base,
			);
			mainGroup = 50D025BA0CEA0470C4F69080;
			productRefGroup = 47F70E87DADF245968280542 /* Products */;
			projectDirPath = "";
			projectRoot = "";
			targets = (
				3CB11BA30BBBAEBEBED1FC23 /* QiitaChecker */,
				89CA7E1D877DC444EEFD4A03 /* QiitaCheckerTests */,
				6EA141BE5CA393093CBCF232 /* QiitaCheckerUITests */,
			);
		};
/* End PBXProject section */

/* Begin PBXResourcesBuildPhase section */
		CAE655CA418C1E216FFE8A3A /* Resources */ = {
			isa = PBXResourcesBuildPhase;
			buildActionMask = 2147483647;
			files = (
				5B5B2494EF4E23029BD49CA8 /* Assets.xcassets in Resources */,
				BFC866B8F9D84A2543CE6D9D /* Home.storyboard in Resources */,
				E247D18424BE074D0007FC65 /* PostCell.xib in Resources */,
				0A512980744ED0F811274FD9 /* LaunchScreen.storyboard in Resources */,
				E247D17C24BE04E30007FC65 /* LatestPostViewController.storyboard in Resources */,
			);
			runOnlyForDeploymentPostprocessing = 0;
		};
/* End PBXResourcesBuildPhase section */

/* Begin PBXShellScriptBuildPhase section */
		10550F50CCF3296E3658883A /* [CP] Check Pods Manifest.lock */ = {
			isa = PBXShellScriptBuildPhase;
			buildActionMask = 2147483647;
			files = (
			);
			inputFileListPaths = (
			);
			inputPaths = (
				"${PODS_PODFILE_DIR_PATH}/Podfile.lock",
				"${PODS_ROOT}/Manifest.lock",
			);
			name = "[CP] Check Pods Manifest.lock";
			outputFileListPaths = (
			);
			outputPaths = (
				"$(DERIVED_FILE_DIR)/Pods-QiitaChecker-QiitaCheckerUITests-checkManifestLockResult.txt",
			);
			runOnlyForDeploymentPostprocessing = 0;
			shellPath = /bin/sh;
			shellScript = "diff \"${PODS_PODFILE_DIR_PATH}/Podfile.lock\" \"${PODS_ROOT}/Manifest.lock\" > /dev/null\nif [ $? != 0 ] ; then\n    # print error to STDERR\n    echo \"error: The sandbox is not in sync with the Podfile.lock. Run 'pod install' or update your CocoaPods installation.\" >&2\n    exit 1\nfi\n# This output is used by Xcode 'outputs' to avoid re-running this script phase.\necho \"SUCCESS\" > \"${SCRIPT_OUTPUT_FILE_0}\"\n";
			showEnvVarsInLog = 0;
		};
		55A668B6C67C931B8BB0C91E /* SwiftLint */ = {
			isa = PBXShellScriptBuildPhase;
			buildActionMask = 2147483647;
			files = (
			);
			inputFileListPaths = (
			);
			inputPaths = (
			);
			name = SwiftLint;
			outputFileListPaths = (
			);
			outputPaths = (
			);
			runOnlyForDeploymentPostprocessing = 0;
			shellPath = /bin/sh;
			shellScript = "Pods/SwiftLint/swiftlint\n";
		};
		8B69F0279F48ED640DC88BB8 /* [CP] Check Pods Manifest.lock */ = {
			isa = PBXShellScriptBuildPhase;
			buildActionMask = 2147483647;
			files = (
			);
			inputFileListPaths = (
			);
			inputPaths = (
				"${PODS_PODFILE_DIR_PATH}/Podfile.lock",
				"${PODS_ROOT}/Manifest.lock",
			);
			name = "[CP] Check Pods Manifest.lock";
			outputFileListPaths = (
			);
			outputPaths = (
				"$(DERIVED_FILE_DIR)/Pods-QiitaChecker-checkManifestLockResult.txt",
			);
			runOnlyForDeploymentPostprocessing = 0;
			shellPath = /bin/sh;
			shellScript = "diff \"${PODS_PODFILE_DIR_PATH}/Podfile.lock\" \"${PODS_ROOT}/Manifest.lock\" > /dev/null\nif [ $? != 0 ] ; then\n    # print error to STDERR\n    echo \"error: The sandbox is not in sync with the Podfile.lock. Run 'pod install' or update your CocoaPods installation.\" >&2\n    exit 1\nfi\n# This output is used by Xcode 'outputs' to avoid re-running this script phase.\necho \"SUCCESS\" > \"${SCRIPT_OUTPUT_FILE_0}\"\n";
			showEnvVarsInLog = 0;
		};
		BDCBAD9B44895B5768D51F04 /* SwiftLint AutoCorrect */ = {
			isa = PBXShellScriptBuildPhase;
			buildActionMask = 2147483647;
			files = (
			);
			inputFileListPaths = (
			);
			inputPaths = (
			);
			name = "SwiftLint AutoCorrect";
			outputFileListPaths = (
			);
			outputPaths = (
			);
			runOnlyForDeploymentPostprocessing = 0;
			shellPath = /bin/sh;
			shellScript = "Pods/SwiftLint/swiftlint autocorrect\n";
		};
		C0F23C117B4D52FA967A5B3D /* Carthage */ = {
			isa = PBXShellScriptBuildPhase;
			buildActionMask = 2147483647;
			files = (
			);
			inputPaths = (
				"$(SRCROOT)/Carthage/Build/iOS/Alamofire.framework",
				"$(SRCROOT)/Carthage/Build/iOS/Floaty.framework",
				"$(SRCROOT)/Carthage/Build/iOS/Parchment.framework",
				"$(SRCROOT)/Carthage/Build/iOS/RxCocoa.framework",
				"$(SRCROOT)/Carthage/Build/iOS/RxRelay.framework",
				"$(SRCROOT)/Carthage/Build/iOS/RxSwift.framework",
			);
			name = Carthage;
			outputPaths = (
				"$(BUILT_PRODUCTS_DIR)/$(FRAMEWORKS_FOLDER_PATH)/Alamofire.framework",
				"$(BUILT_PRODUCTS_DIR)/$(FRAMEWORKS_FOLDER_PATH)/Floaty.framework",
				"$(BUILT_PRODUCTS_DIR)/$(FRAMEWORKS_FOLDER_PATH)/Parchment.framework",
				"$(BUILT_PRODUCTS_DIR)/$(FRAMEWORKS_FOLDER_PATH)/RxCocoa.framework",
				"$(BUILT_PRODUCTS_DIR)/$(FRAMEWORKS_FOLDER_PATH)/RxRelay.framework",
				"$(BUILT_PRODUCTS_DIR)/$(FRAMEWORKS_FOLDER_PATH)/RxSwift.framework",
			);
			runOnlyForDeploymentPostprocessing = 0;
			shellPath = /bin/sh;
			shellScript = "carthage copy-frameworks\n";
		};
		D5C46217BFE33588D22AC763 /* [CP] Check Pods Manifest.lock */ = {
			isa = PBXShellScriptBuildPhase;
			buildActionMask = 2147483647;
			files = (
			);
			inputFileListPaths = (
			);
			inputPaths = (
				"${PODS_PODFILE_DIR_PATH}/Podfile.lock",
				"${PODS_ROOT}/Manifest.lock",
			);
			name = "[CP] Check Pods Manifest.lock";
			outputFileListPaths = (
			);
			outputPaths = (
				"$(DERIVED_FILE_DIR)/Pods-QiitaCheckerTests-checkManifestLockResult.txt",
			);
			runOnlyForDeploymentPostprocessing = 0;
			shellPath = /bin/sh;
			shellScript = "diff \"${PODS_PODFILE_DIR_PATH}/Podfile.lock\" \"${PODS_ROOT}/Manifest.lock\" > /dev/null\nif [ $? != 0 ] ; then\n    # print error to STDERR\n    echo \"error: The sandbox is not in sync with the Podfile.lock. Run 'pod install' or update your CocoaPods installation.\" >&2\n    exit 1\nfi\n# This output is used by Xcode 'outputs' to avoid re-running this script phase.\necho \"SUCCESS\" > \"${SCRIPT_OUTPUT_FILE_0}\"\n";
			showEnvVarsInLog = 0;
		};
/* End PBXShellScriptBuildPhase section */

/* Begin PBXSourcesBuildPhase section */
		8C4EF61E8C3BA6C4847B3093 /* Sources */ = {
			isa = PBXSourcesBuildPhase;
			buildActionMask = 2147483647;
			files = (
				E247D18924BEAF2B0007FC65 /* UIViewController+.swift in Sources */,
				617BDE4C893CFA641B4C63BB /* AppDelegate.swift in Sources */,
				785A5D47D3EC13E5A339D9E4 /* HomeViewController.swift in Sources */,
				B0BA4AD5E16E02F42D837B06 /* SceneDelegate.swift in Sources */,
				E247D18624BEAD7A0007FC65 /* LatestPostDataSource.swift in Sources */,
				E247D17A24BE04CB0007FC65 /* LatestPostViewController.swift in Sources */,
				E247D18324BE074D0007FC65 /* PostCell.swift in Sources */,
			);
			runOnlyForDeploymentPostprocessing = 0;
		};
		AAA181186D25997BB4265016 /* Sources */ = {
			isa = PBXSourcesBuildPhase;
			buildActionMask = 2147483647;
			files = (
			);
			runOnlyForDeploymentPostprocessing = 0;
		};
		D6439D276330CFC48CF20B66 /* Sources */ = {
			isa = PBXSourcesBuildPhase;
			buildActionMask = 2147483647;
			files = (
			);
			runOnlyForDeploymentPostprocessing = 0;
		};
/* End PBXSourcesBuildPhase section */

/* Begin PBXTargetDependency section */
		5E952B9DAC03264AB1D55C73 /* PBXTargetDependency */ = {
			isa = PBXTargetDependency;
			target = 3CB11BA30BBBAEBEBED1FC23 /* QiitaChecker */;
			targetProxy = 098E60EC000D3E4BE980766B /* PBXContainerItemProxy */;
		};
		E83B09815B256A4CCB99926E /* PBXTargetDependency */ = {
			isa = PBXTargetDependency;
			target = 3CB11BA30BBBAEBEBED1FC23 /* QiitaChecker */;
			targetProxy = ABB790316752B5EB06D5B8A4 /* PBXContainerItemProxy */;
		};
/* End PBXTargetDependency section */

/* Begin PBXVariantGroup section */
		1194FC15075C6FD70ADE340B /* LaunchScreen.storyboard */ = {
			isa = PBXVariantGroup;
			children = (
				27F9CFAD9A9A70CDCFC9DEA7 /* Base */,
			);
			name = LaunchScreen.storyboard;
			sourceTree = "<group>";
		};
		40C258846743D0065795F546 /* Home.storyboard */ = {
			isa = PBXVariantGroup;
			children = (
				9E4618D575892C1240555BA5 /* Base */,
			);
			name = Home.storyboard;
			sourceTree = "<group>";
		};
/* End PBXVariantGroup section */

/* Begin XCBuildConfiguration section */
		27118E9565CA66FC56ACEA63 /* Release */ = {
			isa = XCBuildConfiguration;
			buildSettings = {
				ALWAYS_SEARCH_USER_PATHS = NO;
				CLANG_ANALYZER_NONNULL = YES;
				CLANG_ANALYZER_NUMBER_OBJECT_CONVERSION = YES_AGGRESSIVE;
				CLANG_CXX_LANGUAGE_STANDARD = "gnu++14";
				CLANG_CXX_LIBRARY = "libc++";
				CLANG_ENABLE_MODULES = YES;
				CLANG_ENABLE_OBJC_ARC = YES;
				CLANG_WARN_BLOCK_CAPTURE_AUTORELEASING = YES;
				CLANG_WARN_BOOL_CONVERSION = YES;
				CLANG_WARN_COMMA = YES;
				CLANG_WARN_CONSTANT_CONVERSION = YES;
				CLANG_WARN_DEPRECATED_OBJC_IMPLEMENTATIONS = YES;
				CLANG_WARN_DIRECT_OBJC_ISA_USAGE = YES_ERROR;
				CLANG_WARN_DOCUMENTATION_COMMENTS = YES;
				CLANG_WARN_EMPTY_BODY = YES;
				CLANG_WARN_ENUM_CONVERSION = YES;
				CLANG_WARN_INFINITE_RECURSION = YES;
				CLANG_WARN_INT_CONVERSION = YES;
				CLANG_WARN_NON_LITERAL_NULL_CONVERSION = YES;
				CLANG_WARN_OBJC_IMPLICIT_RETAIN_SELF = YES;
				CLANG_WARN_OBJC_LITERAL_CONVERSION = YES;
				CLANG_WARN_OBJC_ROOT_CLASS = YES_ERROR;
				CLANG_WARN_RANGE_LOOP_ANALYSIS = YES;
				CLANG_WARN_STRICT_PROTOTYPES = YES;
				CLANG_WARN_SUSPICIOUS_MOVE = YES;
				CLANG_WARN_UNGUARDED_AVAILABILITY = YES_AGGRESSIVE;
				CLANG_WARN_UNREACHABLE_CODE = YES;
				CLANG_WARN__DUPLICATE_METHOD_MATCH = YES;
				COPY_PHASE_STRIP = NO;
				DEBUG_INFORMATION_FORMAT = "dwarf-with-dsym";
				ENABLE_NS_ASSERTIONS = NO;
				ENABLE_STRICT_OBJC_MSGSEND = YES;
				GCC_C_LANGUAGE_STANDARD = gnu11;
				GCC_NO_COMMON_BLOCKS = YES;
				GCC_WARN_64_TO_32_BIT_CONVERSION = YES;
				GCC_WARN_ABOUT_RETURN_TYPE = YES_ERROR;
				GCC_WARN_UNDECLARED_SELECTOR = YES;
				GCC_WARN_UNINITIALIZED_AUTOS = YES_AGGRESSIVE;
				GCC_WARN_UNUSED_FUNCTION = YES;
				GCC_WARN_UNUSED_VARIABLE = YES;
				PRODUCT_NAME = "$(TARGET_NAME)";
				SDKROOT = iphoneos;
				SWIFT_COMPILATION_MODE = wholemodule;
				SWIFT_VERSION = 5.0;
				VALIDATE_PRODUCT = YES;
			};
			name = Release;
		};
		2F7C04E1B698FE0AF3EB7425 /* Release */ = {
			isa = XCBuildConfiguration;
			baseConfigurationReference = 396884903B1A182D6FE05ED1 /* Pods-QiitaChecker-QiitaCheckerUITests.release.xcconfig */;
			buildSettings = {
				BUNDLE_LOADER = "$(TEST_HOST)";
				FRAMEWORK_SEARCH_PATHS = (
					"$(inherited)",
					"$(PROJECT_DIR)/Carthage/Build/iOS",
				);
				INFOPLIST_FILE = QiitaCheckerUITests/Info.plist;
				LD_RUNPATH_SEARCH_PATHS = (
					"$(inherited)",
					"@executable_path/Frameworks",
					"@loader_path/Frameworks",
				);
				PRODUCT_BUNDLE_IDENTIFIER = com.muta.QiitaCheckerUITests;
				SDKROOT = iphoneos;
				TARGETED_DEVICE_FAMILY = "1,2";
				TEST_TARGET_NAME = QiitaChecker;
			};
			name = Release;
		};
		3FFFCB609209122B8B092332 /* Debug */ = {
			isa = XCBuildConfiguration;
			baseConfigurationReference = E838037A0C5E8DF16E0A5225 /* Pods-QiitaChecker-QiitaCheckerUITests.debug.xcconfig */;
			buildSettings = {
				BUNDLE_LOADER = "$(TEST_HOST)";
				FRAMEWORK_SEARCH_PATHS = (
					"$(inherited)",
					"$(PROJECT_DIR)/Carthage/Build/iOS",
				);
				INFOPLIST_FILE = QiitaCheckerUITests/Info.plist;
				LD_RUNPATH_SEARCH_PATHS = (
					"$(inherited)",
					"@executable_path/Frameworks",
					"@loader_path/Frameworks",
				);
				PRODUCT_BUNDLE_IDENTIFIER = com.muta.QiitaCheckerUITests;
				SDKROOT = iphoneos;
				TARGETED_DEVICE_FAMILY = "1,2";
				TEST_TARGET_NAME = QiitaChecker;
			};
			name = Debug;
		};
		6320C66D17DC6B3DA9D3A7CE /* Release */ = {
			isa = XCBuildConfiguration;
			baseConfigurationReference = 6AB646EA72114387F7E7C46B /* Pods-QiitaCheckerTests.release.xcconfig */;
			buildSettings = {
				BUNDLE_LOADER = "$(TEST_HOST)";
				FRAMEWORK_SEARCH_PATHS = (
					"$(inherited)",
					"$(PROJECT_DIR)/Carthage/Build/iOS",
				);
				INFOPLIST_FILE = QiitaCheckerTests/Info.plist;
				LD_RUNPATH_SEARCH_PATHS = (
					"$(inherited)",
					"@executable_path/Frameworks",
					"@loader_path/Frameworks",
				);
				PRODUCT_BUNDLE_IDENTIFIER = com.muta.QiitaCheckerTests;
				SDKROOT = iphoneos;
				TARGETED_DEVICE_FAMILY = "1,2";
				TEST_HOST = "$(BUILT_PRODUCTS_DIR)/QiitaChecker.app/QiitaChecker";
				TEST_TARGET_NAME = QiitaChecker;
			};
			name = Release;
		};
		8881E702CE356F9CB1A795C2 /* Debug */ = {
			isa = XCBuildConfiguration;
			baseConfigurationReference = D8A67FC519791420B7F50B61 /* Pods-QiitaChecker.debug.xcconfig */;
			buildSettings = {
				ASSETCATALOG_COMPILER_APPICON_NAME = AppIcon;
				CODE_SIGN_IDENTITY = "iPhone Developer";
				CURRENT_PROJECT_VERSION = 1;
				DEVELOPMENT_TEAM = "Kaoru Muta";
				FRAMEWORK_SEARCH_PATHS = (
					"$(inherited)",
					"$(PROJECT_DIR)/Carthage/Build/iOS",
				);
				INFOPLIST_FILE = QiitaChecker/Common/Resource/Info.plist;
				LD_RUNPATH_SEARCH_PATHS = (
					"$(inherited)",
					"@executable_path/Frameworks",
				);
				MARKETING_VERSIONS = 1.0.0;
				PRODUCT_BUNDLE_IDENTIFIER = com.muta.QiitaChecker;
				SDKROOT = iphoneos;
				TARGETED_DEVICE_FAMILY = "1,2";
			};
			name = Debug;
		};
		8E5D530723A57AC3BC20906D /* Release */ = {
			isa = XCBuildConfiguration;
			baseConfigurationReference = 7203FAEFE4E5D7607D2A5A86 /* Pods-QiitaChecker.release.xcconfig */;
			buildSettings = {
				ASSETCATALOG_COMPILER_APPICON_NAME = AppIcon;
				CODE_SIGN_IDENTITY = "iPhone Developer";
				CURRENT_PROJECT_VERSION = 1;
				DEVELOPMENT_TEAM = "Kaoru Muta";
				FRAMEWORK_SEARCH_PATHS = (
					"$(inherited)",
					"$(PROJECT_DIR)/Carthage/Build/iOS",
				);
				INFOPLIST_FILE = QiitaChecker/Common/Resource/Info.plist;
				LD_RUNPATH_SEARCH_PATHS = (
					"$(inherited)",
					"@executable_path/Frameworks",
				);
				MARKETING_VERSIONS = 1.0.0;
				PRODUCT_BUNDLE_IDENTIFIER = com.muta.QiitaChecker;
				SDKROOT = iphoneos;
				TARGETED_DEVICE_FAMILY = "1,2";
			};
			name = Release;
		};
		D126210B82B55B4319E23925 /* Debug */ = {
			isa = XCBuildConfiguration;
			baseConfigurationReference = 0A9B4FF23A3546889264B574 /* Pods-QiitaCheckerTests.debug.xcconfig */;
			buildSettings = {
				BUNDLE_LOADER = "$(TEST_HOST)";
				FRAMEWORK_SEARCH_PATHS = (
					"$(inherited)",
					"$(PROJECT_DIR)/Carthage/Build/iOS",
				);
				INFOPLIST_FILE = QiitaCheckerTests/Info.plist;
				LD_RUNPATH_SEARCH_PATHS = (
					"$(inherited)",
					"@executable_path/Frameworks",
					"@loader_path/Frameworks",
				);
				PRODUCT_BUNDLE_IDENTIFIER = com.muta.QiitaCheckerTests;
				SDKROOT = iphoneos;
				TARGETED_DEVICE_FAMILY = "1,2";
				TEST_HOST = "$(BUILT_PRODUCTS_DIR)/QiitaChecker.app/QiitaChecker";
				TEST_TARGET_NAME = QiitaChecker;
			};
			name = Debug;
		};
		EE78824DF9D4DA77E1AE0FD9 /* Debug */ = {
			isa = XCBuildConfiguration;
			buildSettings = {
				ALWAYS_SEARCH_USER_PATHS = NO;
				CLANG_ANALYZER_NONNULL = YES;
				CLANG_ANALYZER_NUMBER_OBJECT_CONVERSION = YES_AGGRESSIVE;
				CLANG_CXX_LANGUAGE_STANDARD = "gnu++14";
				CLANG_CXX_LIBRARY = "libc++";
				CLANG_ENABLE_MODULES = YES;
				CLANG_ENABLE_OBJC_ARC = YES;
				CLANG_WARN_BLOCK_CAPTURE_AUTORELEASING = YES;
				CLANG_WARN_BOOL_CONVERSION = YES;
				CLANG_WARN_COMMA = YES;
				CLANG_WARN_CONSTANT_CONVERSION = YES;
				CLANG_WARN_DEPRECATED_OBJC_IMPLEMENTATIONS = YES;
				CLANG_WARN_DIRECT_OBJC_ISA_USAGE = YES_ERROR;
				CLANG_WARN_DOCUMENTATION_COMMENTS = YES;
				CLANG_WARN_EMPTY_BODY = YES;
				CLANG_WARN_ENUM_CONVERSION = YES;
				CLANG_WARN_INFINITE_RECURSION = YES;
				CLANG_WARN_INT_CONVERSION = YES;
				CLANG_WARN_NON_LITERAL_NULL_CONVERSION = YES;
				CLANG_WARN_OBJC_IMPLICIT_RETAIN_SELF = YES;
				CLANG_WARN_OBJC_LITERAL_CONVERSION = YES;
				CLANG_WARN_OBJC_ROOT_CLASS = YES_ERROR;
				CLANG_WARN_RANGE_LOOP_ANALYSIS = YES;
				CLANG_WARN_STRICT_PROTOTYPES = YES;
				CLANG_WARN_SUSPICIOUS_MOVE = YES;
				CLANG_WARN_UNGUARDED_AVAILABILITY = YES_AGGRESSIVE;
				CLANG_WARN_UNREACHABLE_CODE = YES;
				CLANG_WARN__DUPLICATE_METHOD_MATCH = YES;
				COPY_PHASE_STRIP = NO;
				DEBUG_INFORMATION_FORMAT = dwarf;
				ENABLE_STRICT_OBJC_MSGSEND = YES;
				ENABLE_TESTABILITY = YES;
				GCC_C_LANGUAGE_STANDARD = gnu11;
				GCC_DYNAMIC_NO_PIC = NO;
				GCC_NO_COMMON_BLOCKS = YES;
				GCC_OPTIMIZATION_LEVEL = 0;
				GCC_PREPROCESSOR_DEFINITIONS = (
					"$(inherited)",
					"DEBUG=1",
				);
				GCC_WARN_64_TO_32_BIT_CONVERSION = YES;
				GCC_WARN_ABOUT_RETURN_TYPE = YES_ERROR;
				GCC_WARN_UNDECLARED_SELECTOR = YES;
				GCC_WARN_UNINITIALIZED_AUTOS = YES_AGGRESSIVE;
				GCC_WARN_UNUSED_FUNCTION = YES;
				GCC_WARN_UNUSED_VARIABLE = YES;
				MTL_ENABLE_DEBUG_INFO = YES;
				ONLY_ACTIVE_ARCH = YES;
				PRODUCT_NAME = "$(TARGET_NAME)";
				SDKROOT = iphoneos;
				SWIFT_ACTIVE_COMPILATION_CONDITIONS = DEBUG;
				SWIFT_OPTIMIZATION_LEVEL = "-Onone";
				SWIFT_VERSION = 5.0;
			};
			name = Debug;
		};
/* End XCBuildConfiguration section */

/* Begin XCConfigurationList section */
		3AE17D5BA2EC528DC4547B05 /* Build configuration list for PBXNativeTarget "QiitaCheckerUITests" */ = {
			isa = XCConfigurationList;
			buildConfigurations = (
				3FFFCB609209122B8B092332 /* Debug */,
				2F7C04E1B698FE0AF3EB7425 /* Release */,
			);
			defaultConfigurationIsVisible = 0;
			defaultConfigurationName = "";
		};
		4C72FCE02C38861261914774 /* Build configuration list for PBXProject "QiitaChecker" */ = {
			isa = XCConfigurationList;
			buildConfigurations = (
				EE78824DF9D4DA77E1AE0FD9 /* Debug */,
				27118E9565CA66FC56ACEA63 /* Release */,
			);
			defaultConfigurationIsVisible = 0;
			defaultConfigurationName = Debug;
		};
		820B33C1C0950E28F7F7DD4F /* Build configuration list for PBXNativeTarget "QiitaChecker" */ = {
			isa = XCConfigurationList;
			buildConfigurations = (
				8881E702CE356F9CB1A795C2 /* Debug */,
				8E5D530723A57AC3BC20906D /* Release */,
			);
			defaultConfigurationIsVisible = 0;
			defaultConfigurationName = "";
		};
		878563CFB4B924D4EC239438 /* Build configuration list for PBXNativeTarget "QiitaCheckerTests" */ = {
			isa = XCConfigurationList;
			buildConfigurations = (
				D126210B82B55B4319E23925 /* Debug */,
				6320C66D17DC6B3DA9D3A7CE /* Release */,
			);
			defaultConfigurationIsVisible = 0;
			defaultConfigurationName = "";
		};
/* End XCConfigurationList section */
	};
	rootObject = 7F15FD72E383541CB5AABF59 /* Project object */;
}
